
Microsoft Visual Studio Solution File, Format Version 12.00
# Visual Studio 14
VisualStudioVersion = 14.0.25420.1
MinimumVisualStudioVersion = 10.0.40219.1
Project("{FAE04EC0-301F-11D3-BF4B-00C04F79EFBC}") = "MinMaxAlgorithm", "MinMaxAlgorithm\MinMaxAlgorithm.csproj", "{DC8D8928-FA20-4363-AF5A-8EB8FD2EEECA}"
EndProject
Global
	GlobalSection(SolutionConfigurationPlatforms) = preSolution
		Debug|Any CPU = Debug|Any CPU
		Release|Any CPU = Release|Any CPU
	EndGlobalSection
	GlobalSection(ProjectConfigurationPlatforms) = postSolution
		{DC8D8928-FA20-4363-AF5A-8EB8FD2EEECA}.Debug|Any CPU.ActiveCfg = Debug|Any CPU
		{DC8D8928-FA20-4363-AF5A-8EB8FD2EEECA}.Debug|Any CPU.Build.0 = Debug|Any CPU
		{DC8D8928-FA20-4363-AF5A-8EB8FD2EEECA}.Release|Any CPU.ActiveCfg = Release|Any CPU
		{DC8D8928-FA20-4363-AF5A-8EB8FD2EEECA}.Release|Any CPU.Build.0 = Release|Any CPU
	EndGlobalSection
	GlobalSection(SolutionProperties) = preSolution
		HideSolutionNode = FALSE
	EndGlobalSection
EndGlobal
